
Microsoft Visual Studio Solution File, Format Version 12.00
# Visual Studio 14
VisualStudioVersion = 14.0.24720.0
MinimumVisualStudioVersion = 10.0.40219.1
Project("{FAE04EC0-301F-11D3-BF4B-00C04F79EFBC}") = "Kata.Api", "Kata.Api\Kata.Api.csproj", "{4C8681FB-EBDC-466F-8D0F-74BADA35F727}"
EndProject
Project("{FAE04EC0-301F-11D3-BF4B-00C04F79EFBC}") = "Kata.Data", "Kata.Data\Kata.Data.csproj", "{41DA6FAC-32F9-47F8-9542-482B9ECE69DE}"
EndProject
Project("{FAE04EC0-301F-11D3-BF4B-00C04F79EFBC}") = "Kata.DataAccess", "Kata.DataAccess\Kata.DataAccess.csproj", "{8FF4E3B0-F021-4445-B537-1CCB449906C1}"
EndProject
Project("{FAE04EC0-301F-11D3-BF4B-00C04F79EFBC}") = "Kata.Business", "Kata.Business\Kata.Business.csproj", "{A04EFCFF-97E6-4EAF-8763-95CC4B0D2028}"
EndProject
Project("{2150E333-8FDC-42A3-9474-1A3956D46DE8}") = "1. Presentation", "1. Presentation", "{BE043FE9-B12A-41A7-89F3-ED3F49AA705D}"
EndProject
Project("{2150E333-8FDC-42A3-9474-1A3956D46DE8}") = "2. Business", "2. Business", "{6CA97CC6-77EE-492D-BB6B-CB17F9BEDCB0}"
EndProject
Project("{2150E333-8FDC-42A3-9474-1A3956D46DE8}") = "3. Data", "3. Data", "{01B2DCD7-BBF2-4842-9A63-221244651D2F}"
EndProject
Project("{FAE04EC0-301F-11D3-BF4B-00C04F79EFBC}") = "Kata.Web", "Kata.Web\Kata.Web.csproj", "{A4CF0438-68FA-49BD-AA2A-5D1A52BD43BB}"
EndProject
Project("{2150E333-8FDC-42A3-9474-1A3956D46DE8}") = "0. Solution Items", "0. Solution Items", "{BC90170A-EF5D-4434-9CF7-45BCA702ECB2}"
EndProject
Project("{2150E333-8FDC-42A3-9474-1A3956D46DE8}") = "Test", "Test", "{8DE945D1-AAE4-4380-99F9-F98C051791FF}"
EndProject
Project("{2150E333-8FDC-42A3-9474-1A3956D46DE8}") = "Specification", "Specification", "{FC8C13CB-4899-4E9A-B9D5-72F34D2031DE}"
EndProject
Project("{FAE04EC0-301F-11D3-BF4B-00C04F79EFBC}") = "Kata.Api.Test", "Kata.Api.Test\Kata.Api.Test.csproj", "{116B846A-1012-45BA-99E1-A2AAB840ED25}"
EndProject
Project("{FAE04EC0-301F-11D3-BF4B-00C04F79EFBC}") = "Kata.Business.Test", "Kata.Business.Test\Kata.Business.Test.csproj", "{82954290-9F76-4CF8-94C0-D1B214697FC4}"
EndProject
Global
	GlobalSection(SolutionConfigurationPlatforms) = preSolution
		Debug|Any CPU = Debug|Any CPU
		Release|Any CPU = Release|Any CPU
	EndGlobalSection
	GlobalSection(ProjectConfigurationPlatforms) = postSolution
		{4C8681FB-EBDC-466F-8D0F-74BADA35F727}.Debug|Any CPU.ActiveCfg = Debug|Any CPU
		{4C8681FB-EBDC-466F-8D0F-74BADA35F727}.Debug|Any CPU.Build.0 = Debug|Any CPU
		{4C8681FB-EBDC-466F-8D0F-74BADA35F727}.Release|Any CPU.ActiveCfg = Release|Any CPU
		{4C8681FB-EBDC-466F-8D0F-74BADA35F727}.Release|Any CPU.Build.0 = Release|Any CPU
		{41DA6FAC-32F9-47F8-9542-482B9ECE69DE}.Debug|Any CPU.ActiveCfg = Debug|Any CPU
		{41DA6FAC-32F9-47F8-9542-482B9ECE69DE}.Debug|Any CPU.Build.0 = Debug|Any CPU
		{41DA6FAC-32F9-47F8-9542-482B9ECE69DE}.Release|Any CPU.ActiveCfg = Release|Any CPU
		{41DA6FAC-32F9-47F8-9542-482B9ECE69DE}.Release|Any CPU.Build.0 = Release|Any CPU
		{8FF4E3B0-F021-4445-B537-1CCB449906C1}.Debug|Any CPU.ActiveCfg = Debug|Any CPU
		{8FF4E3B0-F021-4445-B537-1CCB449906C1}.Debug|Any CPU.Build.0 = Debug|Any CPU
		{8FF4E3B0-F021-4445-B537-1CCB449906C1}.Release|Any CPU.ActiveCfg = Release|Any CPU
		{8FF4E3B0-F021-4445-B537-1CCB449906C1}.Release|Any CPU.Build.0 = Release|Any CPU
		{A04EFCFF-97E6-4EAF-8763-95CC4B0D2028}.Debug|Any CPU.ActiveCfg = Debug|Any CPU
		{A04EFCFF-97E6-4EAF-8763-95CC4B0D2028}.Debug|Any CPU.Build.0 = Debug|Any CPU
		{A04EFCFF-97E6-4EAF-8763-95CC4B0D2028}.Release|Any CPU.ActiveCfg = Release|Any CPU
		{A04EFCFF-97E6-4EAF-8763-95CC4B0D2028}.Release|Any CPU.Build.0 = Release|Any CPU
		{A4CF0438-68FA-49BD-AA2A-5D1A52BD43BB}.Debug|Any CPU.ActiveCfg = Debug|Any CPU
		{A4CF0438-68FA-49BD-AA2A-5D1A52BD43BB}.Debug|Any CPU.Build.0 = Debug|Any CPU
		{A4CF0438-68FA-49BD-AA2A-5D1A52BD43BB}.Release|Any CPU.ActiveCfg = Release|Any CPU
		{A4CF0438-68FA-49BD-AA2A-5D1A52BD43BB}.Release|Any CPU.Build.0 = Release|Any CPU
		{116B846A-1012-45BA-99E1-A2AAB840ED25}.Debug|Any CPU.ActiveCfg = Debug|Any CPU
		{116B846A-1012-45BA-99E1-A2AAB840ED25}.Debug|Any CPU.Build.0 = Debug|Any CPU
		{116B846A-1012-45BA-99E1-A2AAB840ED25}.Release|Any CPU.ActiveCfg = Release|Any CPU
		{116B846A-1012-45BA-99E1-A2AAB840ED25}.Release|Any CPU.Build.0 = Release|Any CPU
		{82954290-9F76-4CF8-94C0-D1B214697FC4}.Debug|Any CPU.ActiveCfg = Debug|Any CPU
		{82954290-9F76-4CF8-94C0-D1B214697FC4}.Debug|Any CPU.Build.0 = Debug|Any CPU
		{82954290-9F76-4CF8-94C0-D1B214697FC4}.Release|Any CPU.ActiveCfg = Release|Any CPU
		{82954290-9F76-4CF8-94C0-D1B214697FC4}.Release|Any CPU.Build.0 = Release|Any CPU
	EndGlobalSection
	GlobalSection(SolutionProperties) = preSolution
		HideSolutionNode = FALSE
	EndGlobalSection
	GlobalSection(NestedProjects) = preSolution
		{4C8681FB-EBDC-466F-8D0F-74BADA35F727} = {BE043FE9-B12A-41A7-89F3-ED3F49AA705D}
		{41DA6FAC-32F9-47F8-9542-482B9ECE69DE} = {01B2DCD7-BBF2-4842-9A63-221244651D2F}
		{8FF4E3B0-F021-4445-B537-1CCB449906C1} = {01B2DCD7-BBF2-4842-9A63-221244651D2F}
		{A04EFCFF-97E6-4EAF-8763-95CC4B0D2028} = {6CA97CC6-77EE-492D-BB6B-CB17F9BEDCB0}
		{A4CF0438-68FA-49BD-AA2A-5D1A52BD43BB} = {BE043FE9-B12A-41A7-89F3-ED3F49AA705D}
		{8DE945D1-AAE4-4380-99F9-F98C051791FF} = {BC90170A-EF5D-4434-9CF7-45BCA702ECB2}
		{FC8C13CB-4899-4E9A-B9D5-72F34D2031DE} = {BC90170A-EF5D-4434-9CF7-45BCA702ECB2}
		{116B846A-1012-45BA-99E1-A2AAB840ED25} = {8DE945D1-AAE4-4380-99F9-F98C051791FF}
		{82954290-9F76-4CF8-94C0-D1B214697FC4} = {8DE945D1-AAE4-4380-99F9-F98C051791FF}
	EndGlobalSection
EndGlobal
